
Microsoft Visual Studio Solution File, Format Version 11.00
# Visual Studio 2010
Project("{FAE04EC0-301F-11D3-BF4B-00C04F79EFBC}") = "VR DevEdu 2017", "Assembly-CSharp.csproj", "{9B78B74F-7FFC-0F8F-A2BE-41D25318190C}"
EndProject
Project("{FAE04EC0-301F-11D3-BF4B-00C04F79EFBC}") = "VR DevEdu 2017", "Assembly-CSharp-Editor.csproj", "{F92CDBB5-7EF3-D2CE-D0DD-C89D5B9FA28B}"
EndProject
Global
	GlobalSection(SolutionConfigurationPlatforms) = preSolution
		Debug|Any CPU = Debug|Any CPU
		Release|Any CPU = Release|Any CPU
	EndGlobalSection
	GlobalSection(ProjectConfigurationPlatforms) = postSolution
		{9B78B74F-7FFC-0F8F-A2BE-41D25318190C}.Debug|Any CPU.ActiveCfg = Debug|Any CPU
		{9B78B74F-7FFC-0F8F-A2BE-41D25318190C}.Debug|Any CPU.Build.0 = Debug|Any CPU
		{9B78B74F-7FFC-0F8F-A2BE-41D25318190C}.Release|Any CPU.ActiveCfg = Release|Any CPU
		{9B78B74F-7FFC-0F8F-A2BE-41D25318190C}.Release|Any CPU.Build.0 = Release|Any CPU
		{F92CDBB5-7EF3-D2CE-D0DD-C89D5B9FA28B}.Debug|Any CPU.ActiveCfg = Debug|Any CPU
		{F92CDBB5-7EF3-D2CE-D0DD-C89D5B9FA28B}.Debug|Any CPU.Build.0 = Debug|Any CPU
		{F92CDBB5-7EF3-D2CE-D0DD-C89D5B9FA28B}.Release|Any CPU.ActiveCfg = Release|Any CPU
		{F92CDBB5-7EF3-D2CE-D0DD-C89D5B9FA28B}.Release|Any CPU.Build.0 = Release|Any CPU
	EndGlobalSection
	GlobalSection(SolutionProperties) = preSolution
		HideSolutionNode = FALSE
	EndGlobalSection
	GlobalSection(MonoDevelopProperties) = preSolution
		StartupItem = Assembly-CSharp.csproj
	EndGlobalSection
EndGlobal
